<?xml version="1.0" encoding="utf-8"?>
<Project ToolsVersion="4.0" xmlns="http://schemas.microsoft.com/developer/msbuild/2003">
  <ItemGroup>
    <Filter Include="Code">
      <UniqueIdentifier>{1bdfa74b-9010-424a-af28-57cc8e433eee}</UniqueIdentifier>
    </Filter>
    <Filter Include="Collision">
      <UniqueIdentifier>{cbb5a1ad-3707-4b06-90d6-80d15231799e}</UniqueIdentifier>
    </Filter>
    <Filter Include="Sound">
      <UniqueIdentifier>{7d6cc44b-4748-4cb8-934e-bf211058b423}</UniqueIdentifier>
    </Filter>
    <Filter Include="Object">
      <UniqueIdentifier>{77748f1b-0a25-4084-abfc-42e8294a8aa0}</UniqueIdentifier>
    </Filter>
    <Filter Include="Scene">
      <UniqueIdentifier>{ab595780-98f0-4904-ba5c-a4a89360b0f6}</UniqueIdentifier>
    </Filter>
    <Filter Include="Object\Monster">
      <UniqueIdentifier>{6de75145-7c52-4214-8f2c-205d1c35ef2b}</UniqueIdentifier>
    </Filter>
    <Filter Include="Object\Player">
      <UniqueIdentifier>{55734dcf-3357-46dd-bb96-b09789a0ae5c}</UniqueIdentifier>
    </Filter>
    <Filter Include="Object\Stage">
      <UniqueIdentifier>{462345b6-713c-45bf-8933-c46b0fb40a68}</UniqueIdentifier>
    </Filter>
    <Filter Include="Resource">
      <UniqueIdentifier>{7968ece2-a948-4dd6-8ff5-72f204819fb4}</UniqueIdentifier>
    </Filter>
    <Filter Include="UI">
      <UniqueIdentifier>{c0fef5ab-8fcf-422a-a9a7-992495eb8f09}</UniqueIdentifier>
    </Filter>
    <Filter Include="Utility">
      <UniqueIdentifier>{310d7cca-5c77-40ac-b76a-aedd620f7690}</UniqueIdentifier>
    </Filter>
  </ItemGroup>
  <ItemGroup>
    <ClCompile Include="CCore.cpp">
      <Filter>Code</Filter>
    </ClCompile>
    <ClCompile Include="CMath.cpp">
      <Filter>Code</Filter>
    </ClCompile>
    <ClCompile Include="Game.cpp">
      <Filter>Code</Filter>
    </ClCompile>
    <ClCompile Include="Layer.cpp">
      <Filter>Code</Filter>
    </ClCompile>
    <ClCompile Include="Main.cpp">
      <Filter>Code</Filter>
    </ClCompile>
    <ClCompile Include="Pixel.cpp">
      <Filter>Code</Filter>
    </ClCompile>
    <ClCompile Include="Ref.cpp">
      <Filter>Code</Filter>
    </ClCompile>
    <ClCompile Include="WinMain.cpp">
      <Filter>Code</Filter>
    </ClCompile>
    <ClCompile Include="UI.cpp">
      <Filter>UI</Filter>
    </ClCompile>
    <ClCompile Include="UIButton.cpp">
      <Filter>UI</Filter>
    </ClCompile>
    <ClCompile Include="UIPanel.cpp">
      <Filter>UI</Filter>
    </ClCompile>
    <ClCompile Include="Timer.cpp">
      <Filter>Utility</Filter>
    </ClCompile>
    <ClCompile Include="Texture.cpp">
      <Filter>Resource</Filter>
    </ClCompile>
    <ClCompile Include="Stage.cpp">
      <Filter>Object\Stage</Filter>
    </ClCompile>
    <ClCompile Include="Slime.cpp">
      <Filter>Object\Monster</Filter>
    </ClCompile>
    <ClCompile Include="StartScene.cpp">
      <Filter>Scene</Filter>
    </ClCompile>
    <ClCompile Include="StaticObj.cpp">
      <Filter>Object</Filter>
    </ClCompile>
    <ClCompile Include="Weapon.cpp">
      <Filter>Object\Player</Filter>
    </ClCompile>
    <ClCompile Include="Portal.cpp">
      <Filter>Object\Stage</Filter>
    </ClCompile>
    <ClCompile Include="Player.cpp">
      <Filter>Object\Player</Filter>
    </ClCompile>
    <ClCompile Include="Obj.cpp">
      <Filter>Object</Filter>
    </ClCompile>
    <ClCompile Include="ResourcesManager.cpp">
      <Filter>Resource</Filter>
    </ClCompile>
    <ClCompile Include="PathManager.cpp">
      <Filter>Utility</Filter>
    </ClCompile>
    <ClCompile Include="MoveObj.cpp">
      <Filter>Object</Filter>
    </ClCompile>
    <ClCompile Include="Mouse.cpp">
      <Filter>Utility</Filter>
    </ClCompile>
    <ClCompile Include="Mushroom.cpp">
      <Filter>Object\Monster</Filter>
    </ClCompile>
    <ClCompile Include="Monster.cpp">
      <Filter>Object\Monster</Filter>
    </ClCompile>
    <ClCompile Include="CSceneManager.cpp">
      <Filter>Scene</Filter>
    </ClCompile>
    <ClCompile Include="CScene.cpp">
      <Filter>Scene</Filter>
    </ClCompile>
    <ClCompile Include="Colinder.cpp">
      <Filter>Collision</Filter>
    </ClCompile>
    <ClCompile Include="ColinderRect.cpp">
      <Filter>Collision</Filter>
    </ClCompile>
    <ClCompile Include="CollisionManager.cpp">
      <Filter>Collision</Filter>
    </ClCompile>
    <ClCompile Include="CollisionPoint.cpp">
      <Filter>Collision</Filter>
    </ClCompile>
    <ClCompile Include="CEliniaScene.cpp">
      <Filter>Scene</Filter>
    </ClCompile>
    <ClCompile Include="CDungeonScene2.cpp">
      <Filter>Scene</Filter>
    </ClCompile>
    <ClCompile Include="CDungeonScecne.cpp">
      <Filter>Scene</Filter>
    </ClCompile>
    <ClCompile Include="Camera.cpp">
      <Filter>Utility</Filter>
    </ClCompile>
    <ClCompile Include="CIngameScene.cpp">
      <Filter>Scene</Filter>
    </ClCompile>
    <ClCompile Include="CPig.cpp">
      <Filter>Object\Monster</Filter>
    </ClCompile>
    <ClCompile Include="Dungeon.cpp">
      <Filter>Object</Filter>
    </ClCompile>
    <ClCompile Include="GameStartButton.cpp">
      <Filter>UI</Filter>
    </ClCompile>
    <ClCompile Include="Ground.cpp">
      <Filter>Object</Filter>
    </ClCompile>
    <ClCompile Include="CDungeon2.cpp">
      <Filter>Object</Filter>
    </ClCompile>
    <ClCompile Include="CHPBar.cpp">
      <Filter>Object</Filter>
    </ClCompile>
    <ClCompile Include="DamagePont.cpp">
      <Filter>Object</Filter>
    </ClCompile>
    <ClCompile Include="Rope.cpp">
      <Filter>Object</Filter>
    </ClCompile>
    <ClCompile Include="Input.cpp">
      <Filter>Utility</Filter>
    </ClCompile>
    <ClCompile Include="CAnimation.cpp">
      <Filter>Resource</Filter>
    </ClCompile>
    <ClCompile Include="SoundManager.cpp">
      <Filter>Sound</Filter>
    </ClCompile>
    <ClCompile Include="UI_MonsterInfo.cpp">
      <Filter>Object\Monster</Filter>
    </ClCompile>
  </ItemGroup>
  <ItemGroup>
    <ClInclude Include="Bullet.h">
      <Filter>Code</Filter>
    </ClInclude>
    <ClInclude Include="CCore.h">
      <Filter>Code</Filter>
    </ClInclude>
    <ClInclude Include="CMath.h">
      <Filter>Code</Filter>
    </ClInclude>
    <ClInclude Include="DataTable.h">
      <Filter>Code</Filter>
    </ClInclude>
    <ClInclude Include="Flag.h">
      <Filter>Code</Filter>
    </ClInclude>
    <ClInclude Include="helper.h">
      <Filter>Code</Filter>
    </ClInclude>
    <ClInclude Include="Layer.h">
      <Filter>Code</Filter>
    </ClInclude>
    <ClInclude Include="Macro.h">
      <Filter>Code</Filter>
    </ClInclude>
    <ClInclude Include="Pixel.h">
      <Filter>Code</Filter>
    </ClInclude>
    <ClInclude Include="Ref.h">
      <Filter>Code</Filter>
    </ClInclude>
    <ClInclude Include="UI.h">
      <Filter>UI</Filter>
    </ClInclude>
    <ClInclude Include="UIButton.h">
      <Filter>UI</Filter>
    </ClInclude>
    <ClInclude Include="UIPanel.h">
      <Filter>UI</Filter>
    </ClInclude>
    <ClInclude Include="Timer.h">
      <Filter>Utility</Filter>
    </ClInclude>
    <ClInclude Include="Texture.h">
      <Filter>Resource</Filter>
    </ClInclude>
    <ClInclude Include="Stage.h">
      <Filter>Object\Stage</Filter>
    </ClInclude>
    <ClInclude Include="Slime.h">
      <Filter>Object\Monster</Filter>
    </ClInclude>
    <ClInclude Include="StartScene.h">
      <Filter>Scene</Filter>
    </ClInclude>
    <ClInclude Include="StaticObj.h">
      <Filter>Object</Filter>
    </ClInclude>
    <ClInclude Include="Weapon.h">
      <Filter>Object\Player</Filter>
    </ClInclude>
    <ClInclude Include="Types.h">
      <Filter>Object\Player</Filter>
    </ClInclude>
    <ClInclude Include="Portal.h">
      <Filter>Object\Stage</Filter>
    </ClInclude>
    <ClInclude Include="Player.h">
      <Filter>Object\Player</Filter>
    </ClInclude>
    <ClInclude Include="Obj.h">
      <Filter>Object</Filter>
    </ClInclude>
    <ClInclude Include="ResourcesManager.h">
      <Filter>Resource</Filter>
    </ClInclude>
    <ClInclude Include="resource.h">
      <Filter>Resource</Filter>
    </ClInclude>
    <ClInclude Include="PathManager.h">
      <Filter>Utility</Filter>
    </ClInclude>
    <ClInclude Include="MoveObj.h">
      <Filter>Object</Filter>
    </ClInclude>
    <ClInclude Include="Mouse.h">
      <Filter>Utility</Filter>
    </ClInclude>
    <ClInclude Include="Mushroom.h">
      <Filter>Object\Monster</Filter>
    </ClInclude>
    <ClInclude Include="Monster.h">
      <Filter>Object\Monster</Filter>
    </ClInclude>
    <ClInclude Include="CSceneManager.h">
      <Filter>Scene</Filter>
    </ClInclude>
    <ClInclude Include="CScene.h">
      <Filter>Scene</Filter>
    </ClInclude>
    <ClInclude Include="Colinder.h">
      <Filter>Collision</Filter>
    </ClInclude>
    <ClInclude Include="ColinderRect.h">
      <Filter>Collision</Filter>
    </ClInclude>
    <ClInclude Include="CollisionManager.h">
      <Filter>Collision</Filter>
    </ClInclude>
    <ClInclude Include="CollisionPoint.h">
      <Filter>Collision</Filter>
    </ClInclude>
    <ClInclude Include="CDungeonScecne.h">
      <Filter>Scene</Filter>
    </ClInclude>
    <ClInclude Include="CDungeonScene2.h">
      <Filter>Scene</Filter>
    </ClInclude>
    <ClInclude Include="Camera.h">
      <Filter>Utility</Filter>
    </ClInclude>
    <ClInclude Include="CIngameScene.h">
      <Filter>Scene</Filter>
    </ClInclude>
    <ClInclude Include="CPig.h">
      <Filter>Object\Monster</Filter>
    </ClInclude>
    <ClInclude Include="Dungeon.h">
      <Filter>Object</Filter>
    </ClInclude>
    <ClInclude Include="GameStartButton.h">
      <Filter>UI</Filter>
    </ClInclude>
    <ClInclude Include="Ground.h">
      <Filter>Object</Filter>
    </ClInclude>
    <ClInclude Include="CDungeon2.h">
      <Filter>Object</Filter>
    </ClInclude>
    <ClInclude Include="CHPBar.h">
      <Filter>Object</Filter>
    </ClInclude>
    <ClInclude Include="DamagePont.h">
      <Filter>Object</Filter>
    </ClInclude>
    <ClInclude Include="Rope.h">
      <Filter>Object</Filter>
    </ClInclude>
    <ClInclude Include="Input.h">
      <Filter>Utility</Filter>
    </ClInclude>
    <ClInclude Include="CAnimation.h">
      <Filter>Resource</Filter>
    </ClInclude>
    <ClInclude Include="Declare.h">
      <Filter>Sound</Filter>
    </ClInclude>
    <ClInclude Include="SingleTon.h">
      <Filter>Sound</Filter>
    </ClInclude>
    <ClInclude Include="SoundManager.h">
      <Filter>Sound</Filter>
    </ClInclude>
    <ClInclude Include="UI_MonsterInfo.h">
      <Filter>Object\Monster</Filter>
    </ClInclude>
  </ItemGroup>
</Project>